
Microsoft Visual Studio Solution File, Format Version 12.00
# Visual Studio 16
Project("{FAE04EC0-301F-11D3-BF4B-00C04F79EFBC}") = "Assembly-CSharp", "Assembly-CSharp.csproj", "{4FF5CAE6-DC29-AA5D-83B1-CED2D3FADABD}"
EndProject
Project("{FAE04EC0-301F-11D3-BF4B-00C04F79EFBC}") = "Assembly-CSharp-firstpass", "Assembly-CSharp-firstpass.csproj", "{A3D88D00-AE76-4994-987C-0C88CEA56501}"
EndProject
Global
	GlobalSection(SolutionConfigurationPlatforms) = preSolution
		Debug|Any CPU = Debug|Any CPU
		Release|Any CPU = Release|Any CPU
	EndGlobalSection
	GlobalSection(ProjectConfigurationPlatforms) = postSolution
		{4FF5CAE6-DC29-AA5D-83B1-CED2D3FADABD}.Debug|Any CPU.ActiveCfg = Debug|Any CPU
		{4FF5CAE6-DC29-AA5D-83B1-CED2D3FADABD}.Debug|Any CPU.Build.0 = Debug|Any CPU
		{4FF5CAE6-DC29-AA5D-83B1-CED2D3FADABD}.Release|Any CPU.ActiveCfg = Release|Any CPU
		{4FF5CAE6-DC29-AA5D-83B1-CED2D3FADABD}.Release|Any CPU.Build.0 = Release|Any CPU
		{A3D88D00-AE76-4994-987C-0C88CEA56501}.Debug|Any CPU.ActiveCfg = Debug|Any CPU
		{A3D88D00-AE76-4994-987C-0C88CEA56501}.Debug|Any CPU.Build.0 = Debug|Any CPU
		{A3D88D00-AE76-4994-987C-0C88CEA56501}.Release|Any CPU.ActiveCfg = Release|Any CPU
		{A3D88D00-AE76-4994-987C-0C88CEA56501}.Release|Any CPU.Build.0 = Release|Any CPU
	EndGlobalSection
	GlobalSection(SolutionProperties) = preSolution
		HideSolutionNode = FALSE
	EndGlobalSection
EndGlobal
